{
  "version": 4,
  "terraform_version": "1.8.1",
  "serial": 30,
  "lineage": "993bcd18-0db4-9b0d-f1ba-3a1d08c2427b",
  "outputs": {},
  "resources": [
    {
      "mode": "managed",
      "type": "github_branch",
      "name": "development_branch_codebase",
      "provider": "provider[\"registry.terraform.io/integrations/github\"]",
      "instances": [
        {
          "schema_version": 0,
          "attributes": {
            "branch": "development",
            "etag": "W/\"d3ffcb866698909f09e906812828c416b2dd6308c1758d85232f237f6a1600f6\"",
            "id": "lab-terraform-codebase:development",
            "ref": "refs/heads/development",
            "repository": "lab-terraform-codebase",
            "sha": "166edf0ee9b1ba717fd44f4d3e71b37f49e17dff",
            "source_branch": "main",
            "source_sha": "166edf0ee9b1ba717fd44f4d3e71b37f49e17dff"
          },
          "sensitive_attributes": [],
          "private": "bnVsbA==",
          "dependencies": [
            "github_repository.lab_terraform_codebase"
          ]
        }
      ]
    },
    {
      "mode": "managed",
      "type": "github_branch",
      "name": "development_branch_webpage",
      "provider": "provider[\"registry.terraform.io/integrations/github\"]",
      "instances": [
        {
          "schema_version": 0,
          "attributes": {
            "branch": "development",
            "etag": "W/\"37b06f898b79a01b3a4b58138f396a04bffde083a7b6dea3a301c7c86122216c\"",
            "id": "lab-terraform-webpage:development",
            "ref": "refs/heads/development",
            "repository": "lab-terraform-webpage",
            "sha": "128b179554a3e2c8a1a2425ca6cf1e6a3b06b495",
            "source_branch": "main",
            "source_sha": "128b179554a3e2c8a1a2425ca6cf1e6a3b06b495"
          },
          "sensitive_attributes": [],
          "private": "bnVsbA==",
          "dependencies": [
            "github_repository.lab_terraform_webpage"
          ]
        }
      ]
    },
    {
      "mode": "managed",
      "type": "github_branch",
      "name": "feature_branch_codebase",
      "provider": "provider[\"registry.terraform.io/integrations/github\"]",
      "instances": [
        {
          "schema_version": 0,
          "attributes": {
            "branch": "feature",
            "etag": "W/\"fe7b49f07afffd3a00646e6a0d04f1b9a4c6d2c8c3420abf06a243b624451dee\"",
            "id": "lab-terraform-codebase:feature",
            "ref": "refs/heads/feature",
            "repository": "lab-terraform-codebase",
            "sha": "166edf0ee9b1ba717fd44f4d3e71b37f49e17dff",
            "source_branch": "main",
            "source_sha": "166edf0ee9b1ba717fd44f4d3e71b37f49e17dff"
          },
          "sensitive_attributes": [],
          "private": "bnVsbA==",
          "dependencies": [
            "github_repository.lab_terraform_codebase"
          ]
        }
      ]
    },
    {
      "mode": "managed",
      "type": "github_branch",
      "name": "feature_branch_webpage",
      "provider": "provider[\"registry.terraform.io/integrations/github\"]",
      "instances": [
        {
          "schema_version": 0,
          "attributes": {
            "branch": "feature",
            "etag": "W/\"3d428ddb58207492de2ffd92ff1b9d8cb16f0598b8c68d91d447205781615eab\"",
            "id": "lab-terraform-webpage:feature",
            "ref": "refs/heads/feature",
            "repository": "lab-terraform-webpage",
            "sha": "128b179554a3e2c8a1a2425ca6cf1e6a3b06b495",
            "source_branch": "main",
            "source_sha": "128b179554a3e2c8a1a2425ca6cf1e6a3b06b495"
          },
          "sensitive_attributes": [],
          "private": "bnVsbA==",
          "dependencies": [
            "github_repository.lab_terraform_webpage"
          ]
        }
      ]
    },
    {
      "mode": "managed",
      "type": "github_branch",
      "name": "release_branch_codebase",
      "provider": "provider[\"registry.terraform.io/integrations/github\"]",
      "instances": [
        {
          "schema_version": 0,
          "attributes": {
            "branch": "release",
            "etag": "W/\"496f29c74e36403d77018bc40272d165fbc633f2afdcd898781400d6587756d6\"",
            "id": "lab-terraform-codebase:release",
            "ref": "refs/heads/release",
            "repository": "lab-terraform-codebase",
            "sha": "166edf0ee9b1ba717fd44f4d3e71b37f49e17dff",
            "source_branch": "main",
            "source_sha": "166edf0ee9b1ba717fd44f4d3e71b37f49e17dff"
          },
          "sensitive_attributes": [],
          "private": "bnVsbA==",
          "dependencies": [
            "github_repository.lab_terraform_codebase"
          ]
        }
      ]
    },
    {
      "mode": "managed",
      "type": "github_branch",
      "name": "release_branch_webpage",
      "provider": "provider[\"registry.terraform.io/integrations/github\"]",
      "instances": [
        {
          "schema_version": 0,
          "attributes": {
            "branch": "release",
            "etag": "W/\"9d776ad77a085e3ec99ed8f6fde3dfa1ded407aaccc17596a741add6264679a2\"",
            "id": "lab-terraform-webpage:release",
            "ref": "refs/heads/release",
            "repository": "lab-terraform-webpage",
            "sha": "128b179554a3e2c8a1a2425ca6cf1e6a3b06b495",
            "source_branch": "main",
            "source_sha": "128b179554a3e2c8a1a2425ca6cf1e6a3b06b495"
          },
          "sensitive_attributes": [],
          "private": "bnVsbA==",
          "dependencies": [
            "github_repository.lab_terraform_webpage"
          ]
        }
      ]
    },
    {
      "mode": "managed",
      "type": "github_membership",
      "name": "membership_for_user_x",
      "provider": "provider[\"registry.terraform.io/integrations/github\"]",
      "instances": [
        {
          "schema_version": 0,
          "attributes": {
            "downgrade_on_destroy": false,
            "etag": "W/\"456413bd25587654cef40ef7ad3a0c1f1c766c17563df4e0530f629cfec44c52\"",
            "id": "arq-tics-terraform:anfsanchezcu",
            "role": "member",
            "username": "anfsanchezcu"
          },
          "sensitive_attributes": [],
          "private": "bnVsbA=="
        }
      ]
    },
    {
      "mode": "managed",
      "type": "github_repository",
      "name": "lab_terraform_codebase",
      "provider": "provider[\"registry.terraform.io/integrations/github\"]",
      "instances": [
        {
          "schema_version": 1,
          "attributes": {
            "allow_auto_merge": false,
            "allow_merge_commit": true,
            "allow_rebase_merge": true,
            "allow_squash_merge": true,
            "allow_update_branch": true,
            "archive_on_destroy": null,
            "archived": false,
            "auto_init": true,
            "default_branch": "main",
            "delete_branch_on_merge": false,
            "description": "My awesome codebase",
            "etag": "W/\"4fd03a552c1b094b8bc72bad01e57d443461bd7a9fbd93660a11a81b39daa8fe\"",
            "full_name": "arq-tics-terraform/lab-terraform-codebase",
            "git_clone_url": "git://github.com/arq-tics-terraform/lab-terraform-codebase.git",
            "gitignore_template": null,
            "has_discussions": false,
            "has_downloads": false,
            "has_issues": false,
            "has_projects": false,
            "has_wiki": false,
            "homepage_url": "",
            "html_url": "https://github.com/arq-tics-terraform/lab-terraform-codebase",
            "http_clone_url": "https://github.com/arq-tics-terraform/lab-terraform-codebase.git",
            "id": "lab-terraform-codebase",
            "ignore_vulnerability_alerts_during_read": null,
            "is_template": false,
            "license_template": null,
            "merge_commit_message": "PR_TITLE",
            "merge_commit_title": "MERGE_MESSAGE",
            "name": "lab-terraform-codebase",
            "node_id": "R_kgDOL0hp1A",
            "pages": [],
            "primary_language": "",
            "private": false,
            "repo_id": 793274836,
            "security_and_analysis": [
              {
                "advanced_security": [],
                "secret_scanning": [
                  {
                    "status": "disabled"
                  }
                ],
                "secret_scanning_push_protection": [
                  {
                    "status": "disabled"
                  }
                ]
              }
            ],
            "squash_merge_commit_message": "COMMIT_MESSAGES",
            "squash_merge_commit_title": "COMMIT_OR_PR_TITLE",
            "ssh_clone_url": "git@github.com:arq-tics-terraform/lab-terraform-codebase.git",
            "svn_url": "https://github.com/arq-tics-terraform/lab-terraform-codebase",
            "template": [],
            "topics": [],
            "visibility": "public",
            "vulnerability_alerts": true,
            "web_commit_signoff_required": false
          },
          "sensitive_attributes": [],
          "private": "eyJzY2hlbWFfdmVyc2lvbiI6IjEifQ=="
        }
      ]
    },
    {
      "mode": "managed",
      "type": "github_repository",
      "name": "lab_terraform_webpage",
      "provider": "provider[\"registry.terraform.io/integrations/github\"]",
      "instances": [
        {
          "schema_version": 1,
          "attributes": {
            "allow_auto_merge": false,
            "allow_merge_commit": true,
            "allow_rebase_merge": true,
            "allow_squash_merge": true,
            "allow_update_branch": false,
            "archive_on_destroy": null,
            "archived": false,
            "auto_init": true,
            "default_branch": "main",
            "delete_branch_on_merge": false,
            "description": "My awesome webpage",
            "etag": "W/\"91004b3cf53f7358f04f271c188423162ddf3b9ae051e39e45e5a006b42ea1fc\"",
            "full_name": "arq-tics-terraform/lab-terraform-webpage",
            "git_clone_url": "git://github.com/arq-tics-terraform/lab-terraform-webpage.git",
            "gitignore_template": null,
            "has_discussions": false,
            "has_downloads": false,
            "has_issues": false,
            "has_projects": false,
            "has_wiki": false,
            "homepage_url": "",
            "html_url": "https://github.com/arq-tics-terraform/lab-terraform-webpage",
            "http_clone_url": "https://github.com/arq-tics-terraform/lab-terraform-webpage.git",
            "id": "lab-terraform-webpage",
            "ignore_vulnerability_alerts_during_read": null,
            "is_template": false,
            "license_template": null,
            "merge_commit_message": "PR_TITLE",
            "merge_commit_title": "MERGE_MESSAGE",
            "name": "lab-terraform-webpage",
            "node_id": "R_kgDOL0hpyg",
            "pages": [
              {
                "build_type": "legacy",
                "cname": "",
                "custom_404": false,
                "html_url": "https://arq-tics-terraform.github.io/lab-terraform-webpage/",
                "source": [
                  {
                    "branch": "main",
                    "path": "/docs"
                  }
                ],
                "status": "building",
                "url": "https://api.github.com/repos/arq-tics-terraform/lab-terraform-webpage/pages"
              }
            ],
            "primary_language": "",
            "private": false,
            "repo_id": 793274826,
            "security_and_analysis": [
              {
                "advanced_security": [],
                "secret_scanning": [
                  {
                    "status": "disabled"
                  }
                ],
                "secret_scanning_push_protection": [
                  {
                    "status": "disabled"
                  }
                ]
              }
            ],
            "squash_merge_commit_message": "COMMIT_MESSAGES",
            "squash_merge_commit_title": "COMMIT_OR_PR_TITLE",
            "ssh_clone_url": "git@github.com:arq-tics-terraform/lab-terraform-webpage.git",
            "svn_url": "https://github.com/arq-tics-terraform/lab-terraform-webpage",
            "template": [],
            "topics": [],
            "visibility": "public",
            "vulnerability_alerts": true,
            "web_commit_signoff_required": false
          },
          "sensitive_attributes": [],
          "private": "eyJzY2hlbWFfdmVyc2lvbiI6IjEifQ=="
        }
      ]
    }
  ],
  "check_results": null
}
